
Microsoft Visual Studio Solution File, Format Version 12.00
# Visual Studio 15
Project("{FAE04EC0-301F-11D3-BF4B-00C04F79EFBC}") = "SimpleInspectorAttributesEditor", "SimpleInspectorAttributesEditor.csproj", "{8454ABBD-B9C6-890E-6915-F5051C57FFFA}"
EndProject
Project("{FAE04EC0-301F-11D3-BF4B-00C04F79EFBC}") = "SimpleSideMenuEditor", "SimpleSideMenuEditor.csproj", "{26A4A6ED-7570-A203-357E-0F12A4895B7D}"
EndProject
Project("{FAE04EC0-301F-11D3-BF4B-00C04F79EFBC}") = "Assembly-CSharp", "Assembly-CSharp.csproj", "{5A456DC7-D9A5-89C0-EA24-509E5221D011}"
EndProject
Project("{FAE04EC0-301F-11D3-BF4B-00C04F79EFBC}") = "UtilitiesEditor", "UtilitiesEditor.csproj", "{0528768C-D8B9-D7A1-5CC0-F34005BFA2BE}"
EndProject
Project("{FAE04EC0-301F-11D3-BF4B-00C04F79EFBC}") = "SimpleInspectorAttributes", "SimpleInspectorAttributes.csproj", "{84DF9995-26E5-0DEE-7E7D-C20BB23B169A}"
EndProject
Project("{FAE04EC0-301F-11D3-BF4B-00C04F79EFBC}") = "SimpleSideMenu", "SimpleSideMenu.csproj", "{1BF307CD-F3BC-574C-8BB2-63686093FBA1}"
EndProject
Project("{FAE04EC0-301F-11D3-BF4B-00C04F79EFBC}") = "CopyrightNoticeEditor", "CopyrightNoticeEditor.csproj", "{14A4EE8A-9AEF-0F5F-0439-B089E270D335}"
EndProject
Project("{FAE04EC0-301F-11D3-BF4B-00C04F79EFBC}") = "Utilities", "Utilities.csproj", "{35AE292E-ECDD-D2F3-EE1A-69EA4597EB2A}"
EndProject
Global
	GlobalSection(SolutionConfigurationPlatforms) = preSolution
		Debug|Any CPU = Debug|Any CPU
		Release|Any CPU = Release|Any CPU
	EndGlobalSection
	GlobalSection(ProjectConfigurationPlatforms) = postSolution
		{8454ABBD-B9C6-890E-6915-F5051C57FFFA}.Debug|Any CPU.ActiveCfg = Debug|Any CPU
		{8454ABBD-B9C6-890E-6915-F5051C57FFFA}.Debug|Any CPU.Build.0 = Debug|Any CPU
		{8454ABBD-B9C6-890E-6915-F5051C57FFFA}.Release|Any CPU.ActiveCfg = Release|Any CPU
		{8454ABBD-B9C6-890E-6915-F5051C57FFFA}.Release|Any CPU.Build.0 = Release|Any CPU
		{26A4A6ED-7570-A203-357E-0F12A4895B7D}.Debug|Any CPU.ActiveCfg = Debug|Any CPU
		{26A4A6ED-7570-A203-357E-0F12A4895B7D}.Debug|Any CPU.Build.0 = Debug|Any CPU
		{26A4A6ED-7570-A203-357E-0F12A4895B7D}.Release|Any CPU.ActiveCfg = Release|Any CPU
		{26A4A6ED-7570-A203-357E-0F12A4895B7D}.Release|Any CPU.Build.0 = Release|Any CPU
		{5A456DC7-D9A5-89C0-EA24-509E5221D011}.Debug|Any CPU.ActiveCfg = Debug|Any CPU
		{5A456DC7-D9A5-89C0-EA24-509E5221D011}.Debug|Any CPU.Build.0 = Debug|Any CPU
		{5A456DC7-D9A5-89C0-EA24-509E5221D011}.Release|Any CPU.ActiveCfg = Release|Any CPU
		{5A456DC7-D9A5-89C0-EA24-509E5221D011}.Release|Any CPU.Build.0 = Release|Any CPU
		{0528768C-D8B9-D7A1-5CC0-F34005BFA2BE}.Debug|Any CPU.ActiveCfg = Debug|Any CPU
		{0528768C-D8B9-D7A1-5CC0-F34005BFA2BE}.Debug|Any CPU.Build.0 = Debug|Any CPU
		{0528768C-D8B9-D7A1-5CC0-F34005BFA2BE}.Release|Any CPU.ActiveCfg = Release|Any CPU
		{0528768C-D8B9-D7A1-5CC0-F34005BFA2BE}.Release|Any CPU.Build.0 = Release|Any CPU
		{84DF9995-26E5-0DEE-7E7D-C20BB23B169A}.Debug|Any CPU.ActiveCfg = Debug|Any CPU
		{84DF9995-26E5-0DEE-7E7D-C20BB23B169A}.Debug|Any CPU.Build.0 = Debug|Any CPU
		{84DF9995-26E5-0DEE-7E7D-C20BB23B169A}.Release|Any CPU.ActiveCfg = Release|Any CPU
		{84DF9995-26E5-0DEE-7E7D-C20BB23B169A}.Release|Any CPU.Build.0 = Release|Any CPU
		{1BF307CD-F3BC-574C-8BB2-63686093FBA1}.Debug|Any CPU.ActiveCfg = Debug|Any CPU
		{1BF307CD-F3BC-574C-8BB2-63686093FBA1}.Debug|Any CPU.Build.0 = Debug|Any CPU
		{1BF307CD-F3BC-574C-8BB2-63686093FBA1}.Release|Any CPU.ActiveCfg = Release|Any CPU
		{1BF307CD-F3BC-574C-8BB2-63686093FBA1}.Release|Any CPU.Build.0 = Release|Any CPU
		{14A4EE8A-9AEF-0F5F-0439-B089E270D335}.Debug|Any CPU.ActiveCfg = Debug|Any CPU
		{14A4EE8A-9AEF-0F5F-0439-B089E270D335}.Debug|Any CPU.Build.0 = Debug|Any CPU
		{14A4EE8A-9AEF-0F5F-0439-B089E270D335}.Release|Any CPU.ActiveCfg = Release|Any CPU
		{14A4EE8A-9AEF-0F5F-0439-B089E270D335}.Release|Any CPU.Build.0 = Release|Any CPU
		{35AE292E-ECDD-D2F3-EE1A-69EA4597EB2A}.Debug|Any CPU.ActiveCfg = Debug|Any CPU
		{35AE292E-ECDD-D2F3-EE1A-69EA4597EB2A}.Debug|Any CPU.Build.0 = Debug|Any CPU
		{35AE292E-ECDD-D2F3-EE1A-69EA4597EB2A}.Release|Any CPU.ActiveCfg = Release|Any CPU
		{35AE292E-ECDD-D2F3-EE1A-69EA4597EB2A}.Release|Any CPU.Build.0 = Release|Any CPU
	EndGlobalSection
	GlobalSection(SolutionProperties) = preSolution
		HideSolutionNode = FALSE
	EndGlobalSection
EndGlobal
